
Microsoft Visual Studio Solution File, Format Version 12.00
# Visual Studio Version 17
VisualStudioVersion = 17.14.36414.22 d17.14
MinimumVisualStudioVersion = 10.0.40219.1
Project("{FAE04EC0-301F-11D3-BF4B-00C04F79EFBC}") = "WorkeaseAPI", "WorkeaseAPI\WorkeaseAPI.csproj", "{13BA6E38-8588-44F1-B797-E5852C90FE63}"
EndProject
Global
	GlobalSection(SolutionConfigurationPlatforms) = preSolution
		Debug|Any CPU = Debug|Any CPU
		Release|Any CPU = Release|Any CPU
	EndGlobalSection
	GlobalSection(ProjectConfigurationPlatforms) = postSolution
		{13BA6E38-8588-44F1-B797-E5852C90FE63}.Debug|Any CPU.ActiveCfg = Debug|Any CPU
		{13BA6E38-8588-44F1-B797-E5852C90FE63}.Debug|Any CPU.Build.0 = Debug|Any CPU
		{13BA6E38-8588-44F1-B797-E5852C90FE63}.Release|Any CPU.ActiveCfg = Release|Any CPU
		{13BA6E38-8588-44F1-B797-E5852C90FE63}.Release|Any CPU.Build.0 = Release|Any CPU
	EndGlobalSection
	GlobalSection(SolutionProperties) = preSolution
		HideSolutionNode = FALSE
	EndGlobalSection
	GlobalSection(ExtensibilityGlobals) = postSolution
		SolutionGuid = {04488119-920C-4E42-AD47-2D623C07FB02}
	EndGlobalSection
EndGlobal
